// !$*UTF8*$!
{
	archiveVersion = 1;
	classes = {
	};
	objectVersion = 45;
	objects = {

/* Begin PBXBuildFile section */
		1DDD58160DA1D0A300B32029 /* MainMenu.xib in Resources */ = {isa = PBXBuildFile; fileRef = 1DDD58140DA1D0A300B32029 /* MainMenu.xib */; };
		256AC3DA0F4B6AC300CF3369 /* CellOutlineAppDelegate.m in Sources */ = {isa = PBXBuildFile; fileRef = 256AC3D90F4B6AC300CF3369 /* CellOutlineAppDelegate.m */; };
		8D11072B0486CEB800E47090 /* InfoPlist.strings in Resources */ = {isa = PBXBuildFile; fileRef = 089C165CFE840E0CC02AAC07 /* InfoPlist.strings */; };
		8D11072D0486CEB800E47090 /* main.m in Sources */ = {isa = PBXBuildFile; fileRef = 29B97316FDCFA39411CA2CEA /* main.m */; settings = {ATTRIBUTES = (); }; };
		8D11072F0486CEB800E47090 /* Cocoa.framework in Frameworks */ = {isa = PBXBuildFile; fileRef = 1058C7A1FEA54F0111CA2CBB /* Cocoa.framework */; };
		FA1D96EB1748525600103A4C /* COImage.m in Sources */ = {isa = PBXBuildFile; fileRef = FA1D96EA1748525600103A4C /* COImage.m */; };
		FA2D94F2172CE4A400702FA1 /* CellView.xib in Resources */ = {isa = PBXBuildFile; fileRef = FA2D94F1172CE4A400702FA1 /* CellView.xib */; };
		FA47922A172CDB2A00083585 /* Tip47.jpg in Resources */ = {isa = PBXBuildFile; fileRef = FA479229172CDB2A00083585 /* Tip47.jpg */; };
		FA4F06E51747267900F3EEEF /* CellView.m in Sources */ = {isa = PBXBuildFile; fileRef = FA4F06E41747267900F3EEEF /* CellView.m */; };
		FA73C25A18B5A94E003A6569 /* galt_noco_a_proj.jpg in Resources */ = {isa = PBXBuildFile; fileRef = FA73C25018B5A94E003A6569 /* galt_noco_a_proj.jpg */; };
		FA73C25B18B5A94E003A6569 /* galt_noco_b_proj.jpg in Resources */ = {isa = PBXBuildFile; fileRef = FA73C25118B5A94E003A6569 /* galt_noco_b_proj.jpg */; };
		FA73C25C18B5A94E003A6569 /* galt_noco_c_proj.jpg in Resources */ = {isa = PBXBuildFile; fileRef = FA73C25218B5A94E003A6569 /* galt_noco_c_proj.jpg */; };
		FA73C25D18B5A94F003A6569 /* galt_noco_d_proj.jpg in Resources */ = {isa = PBXBuildFile; fileRef = FA73C25318B5A94E003A6569 /* galt_noco_d_proj.jpg */; };
		FA73C25E18B5A94F003A6569 /* galt_noco_e_proj.jpg in Resources */ = {isa = PBXBuildFile; fileRef = FA73C25418B5A94E003A6569 /* galt_noco_e_proj.jpg */; };
		FA73C25F18B5A94F003A6569 /* galt_noco_f_proj.jpg in Resources */ = {isa = PBXBuildFile; fileRef = FA73C25518B5A94E003A6569 /* galt_noco_f_proj.jpg */; };
		FA73C26018B5A94F003A6569 /* galt_noco_g_proj.jpg in Resources */ = {isa = PBXBuildFile; fileRef = FA73C25618B5A94E003A6569 /* galt_noco_g_proj.jpg */; };
		FA73C26118B5A94F003A6569 /* galt_noco_h_proj.jpg in Resources */ = {isa = PBXBuildFile; fileRef = FA73C25718B5A94E003A6569 /* galt_noco_h_proj.jpg */; };
		FA73C26218B5A94F003A6569 /* galt_noco_i_proj.jpg in Resources */ = {isa = PBXBuildFile; fileRef = FA73C25818B5A94E003A6569 /* galt_noco_i_proj.jpg */; };
		FA73C26318B5A94F003A6569 /* galt_noco_j_proj.jpg in Resources */ = {isa = PBXBuildFile; fileRef = FA73C25918B5A94E003A6569 /* galt_noco_j_proj.jpg */; };
		FA73C26E18B5A95B003A6569 /* rab7a_proj.jpg in Resources */ = {isa = PBXBuildFile; fileRef = FA73C26418B5A95B003A6569 /* rab7a_proj.jpg */; };
		FA73C26F18B5A95B003A6569 /* rab7b_proj.jpg in Resources */ = {isa = PBXBuildFile; fileRef = FA73C26518B5A95B003A6569 /* rab7b_proj.jpg */; };
		FA73C27018B5A95B003A6569 /* rab7c_proj.jpg in Resources */ = {isa = PBXBuildFile; fileRef = FA73C26618B5A95B003A6569 /* rab7c_proj.jpg */; };
		FA73C27118B5A95B003A6569 /* rab7d_proj.jpg in Resources */ = {isa = PBXBuildFile; fileRef = FA73C26718B5A95B003A6569 /* rab7d_proj.jpg */; };
		FA73C27218B5A95B003A6569 /* rab7e_proj.jpg in Resources */ = {isa = PBXBuildFile; fileRef = FA73C26818B5A95B003A6569 /* rab7e_proj.jpg */; };
		FA73C27318B5A95B003A6569 /* rab7f_proj.jpg in Resources */ = {isa = PBXBuildFile; fileRef = FA73C26918B5A95B003A6569 /* rab7f_proj.jpg */; };
		FA73C27418B5A95B003A6569 /* rab7g_proj.jpg in Resources */ = {isa = PBXBuildFile; fileRef = FA73C26A18B5A95B003A6569 /* rab7g_proj.jpg */; };
		FA73C27518B5A95B003A6569 /* rab7h_proj.jpg in Resources */ = {isa = PBXBuildFile; fileRef = FA73C26B18B5A95B003A6569 /* rab7h_proj.jpg */; };
		FA73C27618B5A95B003A6569 /* rab7i_proj.jpg in Resources */ = {isa = PBXBuildFile; fileRef = FA73C26C18B5A95B003A6569 /* rab7i_proj.jpg */; };
		FA73C27718B5A95B003A6569 /* rab7j_proj.jpg in Resources */ = {isa = PBXBuildFile; fileRef = FA73C26D18B5A95B003A6569 /* rab7j_proj.jpg */; };
		FA73C28218B5A967003A6569 /* tip47a_proj.jpg in Resources */ = {isa = PBXBuildFile; fileRef = FA73C27818B5A967003A6569 /* tip47a_proj.jpg */; };
		FA73C28318B5A967003A6569 /* tip47b_proj.jpg in Resources */ = {isa = PBXBuildFile; fileRef = FA73C27918B5A967003A6569 /* tip47b_proj.jpg */; };
		FA73C28418B5A967003A6569 /* tip47c_proj.jpg in Resources */ = {isa = PBXBuildFile; fileRef = FA73C27A18B5A967003A6569 /* tip47c_proj.jpg */; };
		FA73C28518B5A967003A6569 /* tip47d_proj.jpg in Resources */ = {isa = PBXBuildFile; fileRef = FA73C27B18B5A967003A6569 /* tip47d_proj.jpg */; };
		FA73C28618B5A967003A6569 /* tip47e_proj.jpg in Resources */ = {isa = PBXBuildFile; fileRef = FA73C27C18B5A967003A6569 /* tip47e_proj.jpg */; };
		FA73C28718B5A967003A6569 /* tip47f_proj.jpg in Resources */ = {isa = PBXBuildFile; fileRef = FA73C27D18B5A967003A6569 /* tip47f_proj.jpg */; };
		FA73C28818B5A967003A6569 /* tip47g_proj.jpg in Resources */ = {isa = PBXBuildFile; fileRef = FA73C27E18B5A967003A6569 /* tip47g_proj.jpg */; };
		FA73C28918B5A967003A6569 /* tip47h_proj.jpg in Resources */ = {isa = PBXBuildFile; fileRef = FA73C27F18B5A967003A6569 /* tip47h_proj.jpg */; };
		FA73C28A18B5A967003A6569 /* tip47i_proj.jpg in Resources */ = {isa = PBXBuildFile; fileRef = FA73C28018B5A967003A6569 /* tip47i_proj.jpg */; };
		FA73C28B18B5A967003A6569 /* tip47j_proj.jpg in Resources */ = {isa = PBXBuildFile; fileRef = FA73C28118B5A967003A6569 /* tip47j_proj.jpg */; };
		FA73D0121715007A00B15C1F /* COMainWindow.xib in Resources */ = {isa = PBXBuildFile; fileRef = FA73D0111715007A00B15C1F /* COMainWindow.xib */; };
		FAB7D9BA1724469000544695 /* Quartz.framework in Frameworks */ = {isa = PBXBuildFile; fileRef = FAB7D9B91724469000544695 /* Quartz.framework */; };
		FAC57C4E1718F438001C1ED7 /* COMainWindow.m in Sources */ = {isa = PBXBuildFile; fileRef = FAC57C4D1718F438001C1ED7 /* COMainWindow.m */; };
/* End PBXBuildFile section */

/* Begin PBXFileReference section */
		089C165DFE840E0CC02AAC07 /* English */ = {isa = PBXFileReference; fileEncoding = 4; lastKnownFileType = text.plist.strings; name = English; path = English.lproj/InfoPlist.strings; sourceTree = "<group>"; };
		1058C7A1FEA54F0111CA2CBB /* Cocoa.framework */ = {isa = PBXFileReference; lastKnownFileType = wrapper.framework; name = Cocoa.framework; path = /System/Library/Frameworks/Cocoa.framework; sourceTree = "<absolute>"; };
		13E42FB307B3F0F600E4EEF1 /* CoreData.framework */ = {isa = PBXFileReference; lastKnownFileType = wrapper.framework; name = CoreData.framework; path = /System/Library/Frameworks/CoreData.framework; sourceTree = "<absolute>"; };
		1DDD58150DA1D0A300B32029 /* English */ = {isa = PBXFileReference; lastKnownFileType = file.xib; name = English; path = English.lproj/MainMenu.xib; sourceTree = "<group>"; };
		256AC3D80F4B6AC300CF3369 /* CellOutlineAppDelegate.h */ = {isa = PBXFileReference; fileEncoding = 4; lastKnownFileType = sourcecode.c.h; path = CellOutlineAppDelegate.h; sourceTree = "<group>"; };
		256AC3D90F4B6AC300CF3369 /* CellOutlineAppDelegate.m */ = {isa = PBXFileReference; fileEncoding = 4; lastKnownFileType = sourcecode.c.objc; path = CellOutlineAppDelegate.m; sourceTree = "<group>"; };
		256AC3F00F4B6AF500CF3369 /* CellOutline_Prefix.pch */ = {isa = PBXFileReference; fileEncoding = 4; lastKnownFileType = sourcecode.c.h; path = CellOutline_Prefix.pch; sourceTree = "<group>"; };
		29B97316FDCFA39411CA2CEA /* main.m */ = {isa = PBXFileReference; fileEncoding = 4; lastKnownFileType = sourcecode.c.objc; path = main.m; sourceTree = "<group>"; };
		29B97324FDCFA39411CA2CEA /* AppKit.framework */ = {isa = PBXFileReference; lastKnownFileType = wrapper.framework; name = AppKit.framework; path = /System/Library/Frameworks/AppKit.framework; sourceTree = "<absolute>"; };
		29B97325FDCFA39411CA2CEA /* Foundation.framework */ = {isa = PBXFileReference; lastKnownFileType = wrapper.framework; name = Foundation.framework; path = /System/Library/Frameworks/Foundation.framework; sourceTree = "<absolute>"; };
		8D1107310486CEB800E47090 /* CellOutline-Info.plist */ = {isa = PBXFileReference; fileEncoding = 4; lastKnownFileType = text.plist.xml; path = "CellOutline-Info.plist"; sourceTree = "<group>"; };
		8D1107320486CEB800E47090 /* CellOutline.app */ = {isa = PBXFileReference; explicitFileType = wrapper.application; includeInIndex = 0; path = CellOutline.app; sourceTree = BUILT_PRODUCTS_DIR; };
		FA1D96E91748525600103A4C /* COImage.h */ = {isa = PBXFileReference; fileEncoding = 4; lastKnownFileType = sourcecode.c.h; path = COImage.h; sourceTree = "<group>"; };
		FA1D96EA1748525600103A4C /* COImage.m */ = {isa = PBXFileReference; fileEncoding = 4; lastKnownFileType = sourcecode.c.objc; path = COImage.m; sourceTree = "<group>"; };
		FA2D94F1172CE4A400702FA1 /* CellView.xib */ = {isa = PBXFileReference; lastKnownFileType = file.xib; path = CellView.xib; sourceTree = "<group>"; };
		FA479229172CDB2A00083585 /* Tip47.jpg */ = {isa = PBXFileReference; lastKnownFileType = image.jpeg; path = Tip47.jpg; sourceTree = "<group>"; };
		FA4F06E31747267900F3EEEF /* CellView.h */ = {isa = PBXFileReference; fileEncoding = 4; lastKnownFileType = sourcecode.c.h; path = CellView.h; sourceTree = "<group>"; };
		FA4F06E41747267900F3EEEF /* CellView.m */ = {isa = PBXFileReference; fileEncoding = 4; lastKnownFileType = sourcecode.c.objc; path = CellView.m; sourceTree = "<group>"; };
		FA73C25018B5A94E003A6569 /* galt_noco_a_proj.jpg */ = {isa = PBXFileReference; lastKnownFileType = image.jpeg; path = galt_noco_a_proj.jpg; sourceTree = "<group>"; };
		FA73C25118B5A94E003A6569 /* galt_noco_b_proj.jpg */ = {isa = PBXFileReference; lastKnownFileType = image.jpeg; path = galt_noco_b_proj.jpg; sourceTree = "<group>"; };
		FA73C25218B5A94E003A6569 /* galt_noco_c_proj.jpg */ = {isa = PBXFileReference; lastKnownFileType = image.jpeg; path = galt_noco_c_proj.jpg; sourceTree = "<group>"; };
		FA73C25318B5A94E003A6569 /* galt_noco_d_proj.jpg */ = {isa = PBXFileReference; lastKnownFileType = image.jpeg; path = galt_noco_d_proj.jpg; sourceTree = "<group>"; };
		FA73C25418B5A94E003A6569 /* galt_noco_e_proj.jpg */ = {isa = PBXFileReference; lastKnownFileType = image.jpeg; path = galt_noco_e_proj.jpg; sourceTree = "<group>"; };
		FA73C25518B5A94E003A6569 /* galt_noco_f_proj.jpg */ = {isa = PBXFileReference; lastKnownFileType = image.jpeg; path = galt_noco_f_proj.jpg; sourceTree = "<group>"; };
		FA73C25618B5A94E003A6569 /* galt_noco_g_proj.jpg */ = {isa = PBXFileReference; lastKnownFileType = image.jpeg; path = galt_noco_g_proj.jpg; sourceTree = "<group>"; };
		FA73C25718B5A94E003A6569 /* galt_noco_h_proj.jpg */ = {isa = PBXFileReference; lastKnownFileType = image.jpeg; path = galt_noco_h_proj.jpg; sourceTree = "<group>"; };
		FA73C25818B5A94E003A6569 /* galt_noco_i_proj.jpg */ = {isa = PBXFileReference; lastKnownFileType = image.jpeg; path = galt_noco_i_proj.jpg; sourceTree = "<group>"; };
		FA73C25918B5A94E003A6569 /* galt_noco_j_proj.jpg */ = {isa = PBXFileReference; lastKnownFileType = image.jpeg; path = galt_noco_j_proj.jpg; sourceTree = "<group>"; };
		FA73C26418B5A95B003A6569 /* rab7a_proj.jpg */ = {isa = PBXFileReference; lastKnownFileType = image.jpeg; path = rab7a_proj.jpg; sourceTree = "<group>"; };
		FA73C26518B5A95B003A6569 /* rab7b_proj.jpg */ = {isa = PBXFileReference; lastKnownFileType = image.jpeg; path = rab7b_proj.jpg; sourceTree = "<group>"; };
		FA73C26618B5A95B003A6569 /* rab7c_proj.jpg */ = {isa = PBXFileReference; lastKnownFileType = image.jpeg; path = rab7c_proj.jpg; sourceTree = "<group>"; };
		FA73C26718B5A95B003A6569 /* rab7d_proj.jpg */ = {isa = PBXFileReference; lastKnownFileType = image.jpeg; path = rab7d_proj.jpg; sourceTree = "<group>"; };
		FA73C26818B5A95B003A6569 /* rab7e_proj.jpg */ = {isa = PBXFileReference; lastKnownFileType = image.jpeg; path = rab7e_proj.jpg; sourceTree = "<group>"; };
		FA73C26918B5A95B003A6569 /* rab7f_proj.jpg */ = {isa = PBXFileReference; lastKnownFileType = image.jpeg; path = rab7f_proj.jpg; sourceTree = "<group>"; };
		FA73C26A18B5A95B003A6569 /* rab7g_proj.jpg */ = {isa = PBXFileReference; lastKnownFileType = image.jpeg; path = rab7g_proj.jpg; sourceTree = "<group>"; };
		FA73C26B18B5A95B003A6569 /* rab7h_proj.jpg */ = {isa = PBXFileReference; lastKnownFileType = image.jpeg; path = rab7h_proj.jpg; sourceTree = "<group>"; };
		FA73C26C18B5A95B003A6569 /* rab7i_proj.jpg */ = {isa = PBXFileReference; lastKnownFileType = image.jpeg; path = rab7i_proj.jpg; sourceTree = "<group>"; };
		FA73C26D18B5A95B003A6569 /* rab7j_proj.jpg */ = {isa = PBXFileReference; lastKnownFileType = image.jpeg; path = rab7j_proj.jpg; sourceTree = "<group>"; };
		FA73C27818B5A967003A6569 /* tip47a_proj.jpg */ = {isa = PBXFileReference; lastKnownFileType = image.jpeg; path = tip47a_proj.jpg; sourceTree = "<group>"; };
		FA73C27918B5A967003A6569 /* tip47b_proj.jpg */ = {isa = PBXFileReference; lastKnownFileType = image.jpeg; path = tip47b_proj.jpg; sourceTree = "<group>"; };
		FA73C27A18B5A967003A6569 /* tip47c_proj.jpg */ = {isa = PBXFileReference; lastKnownFileType = image.jpeg; path = tip47c_proj.jpg; sourceTree = "<group>"; };
		FA73C27B18B5A967003A6569 /* tip47d_proj.jpg */ = {isa = PBXFileReference; lastKnownFileType = image.jpeg; path = tip47d_proj.jpg; sourceTree = "<group>"; };
		FA73C27C18B5A967003A6569 /* tip47e_proj.jpg */ = {isa = PBXFileReference; lastKnownFileType = image.jpeg; path = tip47e_proj.jpg; sourceTree = "<group>"; };
		FA73C27D18B5A967003A6569 /* tip47f_proj.jpg */ = {isa = PBXFileReference; lastKnownFileType = image.jpeg; path = tip47f_proj.jpg; sourceTree = "<group>"; };
		FA73C27E18B5A967003A6569 /* tip47g_proj.jpg */ = {isa = PBXFileReference; lastKnownFileType = image.jpeg; path = tip47g_proj.jpg; sourceTree = "<group>"; };
		FA73C27F18B5A967003A6569 /* tip47h_proj.jpg */ = {isa = PBXFileReference; lastKnownFileType = image.jpeg; path = tip47h_proj.jpg; sourceTree = "<group>"; };
		FA73C28018B5A967003A6569 /* tip47i_proj.jpg */ = {isa = PBXFileReference; lastKnownFileType = image.jpeg; path = tip47i_proj.jpg; sourceTree = "<group>"; };
		FA73C28118B5A967003A6569 /* tip47j_proj.jpg */ = {isa = PBXFileReference; lastKnownFileType = image.jpeg; path = tip47j_proj.jpg; sourceTree = "<group>"; };
		FA73D0111715007A00B15C1F /* COMainWindow.xib */ = {isa = PBXFileReference; lastKnownFileType = file.xib; path = COMainWindow.xib; sourceTree = "<group>"; };
		FAB7D9B91724469000544695 /* Quartz.framework */ = {isa = PBXFileReference; lastKnownFileType = wrapper.framework; name = Quartz.framework; path = System/Library/Frameworks/Quartz.framework; sourceTree = SDKROOT; };
		FAC57C4C1718F438001C1ED7 /* COMainWindow.h */ = {isa = PBXFileReference; fileEncoding = 4; lastKnownFileType = sourcecode.c.h; path = COMainWindow.h; sourceTree = "<group>"; };
		FAC57C4D1718F438001C1ED7 /* COMainWindow.m */ = {isa = PBXFileReference; fileEncoding = 4; lastKnownFileType = sourcecode.c.objc; path = COMainWindow.m; sourceTree = "<group>"; };
/* End PBXFileReference section */

/* Begin PBXFrameworksBuildPhase section */
		8D11072E0486CEB800E47090 /* Frameworks */ = {
			isa = PBXFrameworksBuildPhase;
			buildActionMask = 2147483647;
			files = (
				8D11072F0486CEB800E47090 /* Cocoa.framework in Frameworks */,
				FAB7D9BA1724469000544695 /* Quartz.framework in Frameworks */,
			);
			runOnlyForDeploymentPostprocessing = 0;
		};
/* End PBXFrameworksBuildPhase section */

/* Begin PBXGroup section */
		080E96DDFE201D6D7F000001 /* Classes */ = {
			isa = PBXGroup;
			children = (
				256AC3D80F4B6AC300CF3369 /* CellOutlineAppDelegate.h */,
				256AC3D90F4B6AC300CF3369 /* CellOutlineAppDelegate.m */,
				FAC57C4C1718F438001C1ED7 /* COMainWindow.h */,
				FAC57C4D1718F438001C1ED7 /* COMainWindow.m */,
				FA4F06E31747267900F3EEEF /* CellView.h */,
				FA4F06E41747267900F3EEEF /* CellView.m */,
				FA1D96E91748525600103A4C /* COImage.h */,
				FA1D96EA1748525600103A4C /* COImage.m */,
			);
			name = Classes;
			sourceTree = "<group>";
		};
		1058C7A0FEA54F0111CA2CBB /* Linked Frameworks */ = {
			isa = PBXGroup;
			children = (
				1058C7A1FEA54F0111CA2CBB /* Cocoa.framework */,
				FAB7D9B91724469000544695 /* Quartz.framework */,
			);
			name = "Linked Frameworks";
			sourceTree = "<group>";
		};
		1058C7A2FEA54F0111CA2CBB /* Other Frameworks */ = {
			isa = PBXGroup;
			children = (
				29B97324FDCFA39411CA2CEA /* AppKit.framework */,
				13E42FB307B3F0F600E4EEF1 /* CoreData.framework */,
				29B97325FDCFA39411CA2CEA /* Foundation.framework */,
			);
			name = "Other Frameworks";
			sourceTree = "<group>";
		};
		19C28FACFE9D520D11CA2CBB /* Products */ = {
			isa = PBXGroup;
			children = (
				8D1107320486CEB800E47090 /* CellOutline.app */,
			);
			name = Products;
			sourceTree = "<group>";
		};
		29B97314FDCFA39411CA2CEA /* CellOutline */ = {
			isa = PBXGroup;
			children = (
				080E96DDFE201D6D7F000001 /* Classes */,
				29B97315FDCFA39411CA2CEA /* Other Sources */,
				FA73C27818B5A967003A6569 /* tip47a_proj.jpg */,
				FA73C27918B5A967003A6569 /* tip47b_proj.jpg */,
				FA73C27A18B5A967003A6569 /* tip47c_proj.jpg */,
				FA73C27B18B5A967003A6569 /* tip47d_proj.jpg */,
				FA73C27C18B5A967003A6569 /* tip47e_proj.jpg */,
				FA73C27D18B5A967003A6569 /* tip47f_proj.jpg */,
				FA73C27E18B5A967003A6569 /* tip47g_proj.jpg */,
				FA73C27F18B5A967003A6569 /* tip47h_proj.jpg */,
				FA73C28018B5A967003A6569 /* tip47i_proj.jpg */,
				FA73C28118B5A967003A6569 /* tip47j_proj.jpg */,
				29B97317FDCFA39411CA2CEA /* Resources */,
				29B97323FDCFA39411CA2CEA /* Frameworks */,
				19C28FACFE9D520D11CA2CBB /* Products */,
			);
			name = CellOutline;
			sourceTree = "<group>";
		};
		29B97315FDCFA39411CA2CEA /* Other Sources */ = {
			isa = PBXGroup;
			children = (
				256AC3F00F4B6AF500CF3369 /* CellOutline_Prefix.pch */,
				29B97316FDCFA39411CA2CEA /* main.m */,
				FA73C26418B5A95B003A6569 /* rab7a_proj.jpg */,
				FA73C26518B5A95B003A6569 /* rab7b_proj.jpg */,
				FA73C26618B5A95B003A6569 /* rab7c_proj.jpg */,
				FA73C26718B5A95B003A6569 /* rab7d_proj.jpg */,
				FA73C26818B5A95B003A6569 /* rab7e_proj.jpg */,
				FA73C26918B5A95B003A6569 /* rab7f_proj.jpg */,
				FA73C26A18B5A95B003A6569 /* rab7g_proj.jpg */,
				FA73C26B18B5A95B003A6569 /* rab7h_proj.jpg */,
				FA73C26C18B5A95B003A6569 /* rab7i_proj.jpg */,
				FA73C26D18B5A95B003A6569 /* rab7j_proj.jpg */,
			);
			name = "Other Sources";
			sourceTree = "<group>";
		};
		29B97317FDCFA39411CA2CEA /* Resources */ = {
			isa = PBXGroup;
			children = (
				FA73C25018B5A94E003A6569 /* galt_noco_a_proj.jpg */,
				FA73C25118B5A94E003A6569 /* galt_noco_b_proj.jpg */,
				FA73C25218B5A94E003A6569 /* galt_noco_c_proj.jpg */,
				FA73C25318B5A94E003A6569 /* galt_noco_d_proj.jpg */,
				FA73C25418B5A94E003A6569 /* galt_noco_e_proj.jpg */,
				FA73C25518B5A94E003A6569 /* galt_noco_f_proj.jpg */,
				FA73C25618B5A94E003A6569 /* galt_noco_g_proj.jpg */,
				FA73C25718B5A94E003A6569 /* galt_noco_h_proj.jpg */,
				FA73C25818B5A94E003A6569 /* galt_noco_i_proj.jpg */,
				FA73C25918B5A94E003A6569 /* galt_noco_j_proj.jpg */,
				FA479229172CDB2A00083585 /* Tip47.jpg */,
				8D1107310486CEB800E47090 /* CellOutline-Info.plist */,
				089C165CFE840E0CC02AAC07 /* InfoPlist.strings */,
				1DDD58140DA1D0A300B32029 /* MainMenu.xib */,
				FA73D0111715007A00B15C1F /* COMainWindow.xib */,
				FA2D94F1172CE4A400702FA1 /* CellView.xib */,
			);
			name = Resources;
			sourceTree = "<group>";
		};
		29B97323FDCFA39411CA2CEA /* Frameworks */ = {
			isa = PBXGroup;
			children = (
				1058C7A0FEA54F0111CA2CBB /* Linked Frameworks */,
				1058C7A2FEA54F0111CA2CBB /* Other Frameworks */,
			);
			name = Frameworks;
			sourceTree = "<group>";
		};
/* End PBXGroup section */

/* Begin PBXNativeTarget section */
		8D1107260486CEB800E47090 /* CellOutline */ = {
			isa = PBXNativeTarget;
			buildConfigurationList = C01FCF4A08A954540054247B /* Build configuration list for PBXNativeTarget "CellOutline" */;
			buildPhases = (
				8D1107290486CEB800E47090 /* Resources */,
				8D11072C0486CEB800E47090 /* Sources */,
				8D11072E0486CEB800E47090 /* Frameworks */,
			);
			buildRules = (
			);
			dependencies = (
			);
			name = CellOutline;
			productInstallPath = "$(HOME)/Applications";
			productName = CellOutline;
			productReference = 8D1107320486CEB800E47090 /* CellOutline.app */;
			productType = "com.apple.product-type.application";
		};
/* End PBXNativeTarget section */

/* Begin PBXProject section */
		29B97313FDCFA39411CA2CEA /* Project object */ = {
			isa = PBXProject;
			buildConfigurationList = C01FCF4E08A954540054247B /* Build configuration list for PBXProject "CellOutline" */;
			compatibilityVersion = "Xcode 3.1";
			developmentRegion = English;
			hasScannedForEncodings = 1;
			knownRegions = (
				English,
				Japanese,
				French,
				German,
			);
			mainGroup = 29B97314FDCFA39411CA2CEA /* CellOutline */;
			projectDirPath = "";
			projectRoot = "";
			targets = (
				8D1107260486CEB800E47090 /* CellOutline */,
			);
		};
/* End PBXProject section */

/* Begin PBXResourcesBuildPhase section */
		8D1107290486CEB800E47090 /* Resources */ = {
			isa = PBXResourcesBuildPhase;
			buildActionMask = 2147483647;
			files = (
				8D11072B0486CEB800E47090 /* InfoPlist.strings in Resources */,
				1DDD58160DA1D0A300B32029 /* MainMenu.xib in Resources */,
				FA73D0121715007A00B15C1F /* COMainWindow.xib in Resources */,
				FA47922A172CDB2A00083585 /* Tip47.jpg in Resources */,
				FA2D94F2172CE4A400702FA1 /* CellView.xib in Resources */,
				FA73C25A18B5A94E003A6569 /* galt_noco_a_proj.jpg in Resources */,
				FA73C25B18B5A94E003A6569 /* galt_noco_b_proj.jpg in Resources */,
				FA73C25C18B5A94E003A6569 /* galt_noco_c_proj.jpg in Resources */,
				FA73C25D18B5A94F003A6569 /* galt_noco_d_proj.jpg in Resources */,
				FA73C25E18B5A94F003A6569 /* galt_noco_e_proj.jpg in Resources */,
				FA73C25F18B5A94F003A6569 /* galt_noco_f_proj.jpg in Resources */,
				FA73C26018B5A94F003A6569 /* galt_noco_g_proj.jpg in Resources */,
				FA73C26118B5A94F003A6569 /* galt_noco_h_proj.jpg in Resources */,
				FA73C26218B5A94F003A6569 /* galt_noco_i_proj.jpg in Resources */,
				FA73C26318B5A94F003A6569 /* galt_noco_j_proj.jpg in Resources */,
				FA73C26E18B5A95B003A6569 /* rab7a_proj.jpg in Resources */,
				FA73C26F18B5A95B003A6569 /* rab7b_proj.jpg in Resources */,
				FA73C27018B5A95B003A6569 /* rab7c_proj.jpg in Resources */,
				FA73C27118B5A95B003A6569 /* rab7d_proj.jpg in Resources */,
				FA73C27218B5A95B003A6569 /* rab7e_proj.jpg in Resources */,
				FA73C27318B5A95B003A6569 /* rab7f_proj.jpg in Resources */,
				FA73C27418B5A95B003A6569 /* rab7g_proj.jpg in Resources */,
				FA73C27518B5A95B003A6569 /* rab7h_proj.jpg in Resources */,
				FA73C27618B5A95B003A6569 /* rab7i_proj.jpg in Resources */,
				FA73C27718B5A95B003A6569 /* rab7j_proj.jpg in Resources */,
				FA73C28218B5A967003A6569 /* tip47a_proj.jpg in Resources */,
				FA73C28318B5A967003A6569 /* tip47b_proj.jpg in Resources */,
				FA73C28418B5A967003A6569 /* tip47c_proj.jpg in Resources */,
				FA73C28518B5A967003A6569 /* tip47d_proj.jpg in Resources */,
				FA73C28618B5A967003A6569 /* tip47e_proj.jpg in Resources */,
				FA73C28718B5A967003A6569 /* tip47f_proj.jpg in Resources */,
				FA73C28818B5A967003A6569 /* tip47g_proj.jpg in Resources */,
				FA73C28918B5A967003A6569 /* tip47h_proj.jpg in Resources */,
				FA73C28A18B5A967003A6569 /* tip47i_proj.jpg in Resources */,
				FA73C28B18B5A967003A6569 /* tip47j_proj.jpg in Resources */,
			);
			runOnlyForDeploymentPostprocessing = 0;
		};
/* End PBXResourcesBuildPhase section */

/* Begin PBXSourcesBuildPhase section */
		8D11072C0486CEB800E47090 /* Sources */ = {
			isa = PBXSourcesBuildPhase;
			buildActionMask = 2147483647;
			files = (
				8D11072D0486CEB800E47090 /* main.m in Sources */,
				256AC3DA0F4B6AC300CF3369 /* CellOutlineAppDelegate.m in Sources */,
				FAC57C4E1718F438001C1ED7 /* COMainWindow.m in Sources */,
				FA4F06E51747267900F3EEEF /* CellView.m in Sources */,
				FA1D96EB1748525600103A4C /* COImage.m in Sources */,
			);
			runOnlyForDeploymentPostprocessing = 0;
		};
/* End PBXSourcesBuildPhase section */

/* Begin PBXVariantGroup section */
		089C165CFE840E0CC02AAC07 /* InfoPlist.strings */ = {
			isa = PBXVariantGroup;
			children = (
				089C165DFE840E0CC02AAC07 /* English */,
			);
			name = InfoPlist.strings;
			sourceTree = "<group>";
		};
		1DDD58140DA1D0A300B32029 /* MainMenu.xib */ = {
			isa = PBXVariantGroup;
			children = (
				1DDD58150DA1D0A300B32029 /* English */,
			);
			name = MainMenu.xib;
			sourceTree = "<group>";
		};
/* End PBXVariantGroup section */

/* Begin XCBuildConfiguration section */
		C01FCF4B08A954540054247B /* Debug */ = {
			isa = XCBuildConfiguration;
			buildSettings = {
				ALWAYS_SEARCH_USER_PATHS = NO;
				COPY_PHASE_STRIP = NO;
				GCC_DYNAMIC_NO_PIC = NO;
				GCC_ENABLE_FIX_AND_CONTINUE = YES;
				GCC_MODEL_TUNING = G5;
				GCC_OPTIMIZATION_LEVEL = 0;
				GCC_PRECOMPILE_PREFIX_HEADER = YES;
				GCC_PREFIX_HEADER = CellOutline_Prefix.pch;
				INFOPLIST_FILE = "CellOutline-Info.plist";
				INSTALL_PATH = "$(HOME)/Applications";
				PRODUCT_NAME = CellOutline;
			};
			name = Debug;
		};
		C01FCF4C08A954540054247B /* Release */ = {
			isa = XCBuildConfiguration;
			buildSettings = {
				ALWAYS_SEARCH_USER_PATHS = NO;
				DEBUG_INFORMATION_FORMAT = "dwarf-with-dsym";
				GCC_MODEL_TUNING = G5;
				GCC_PRECOMPILE_PREFIX_HEADER = YES;
				GCC_PREFIX_HEADER = CellOutline_Prefix.pch;
				INFOPLIST_FILE = "CellOutline-Info.plist";
				INSTALL_PATH = "$(HOME)/Applications";
				PRODUCT_NAME = CellOutline;
			};
			name = Release;
		};
		C01FCF4F08A954540054247B /* Debug */ = {
			isa = XCBuildConfiguration;
			buildSettings = {
				ARCHS = "$(ARCHS_STANDARD_64_BIT)";
				GCC_C_LANGUAGE_STANDARD = gnu99;
				GCC_ENABLE_OBJC_GC = supported;
				GCC_OPTIMIZATION_LEVEL = 0;
				GCC_WARN_ABOUT_RETURN_TYPE = YES;
				GCC_WARN_UNUSED_VARIABLE = YES;
				ONLY_ACTIVE_ARCH = YES;
				PREBINDING = NO;
				SDKROOT = macosx10.6;
			};
			name = Debug;
		};
		C01FCF5008A954540054247B /* Release */ = {
			isa = XCBuildConfiguration;
			buildSettings = {
				ARCHS = "$(ARCHS_STANDARD_32_64_BIT)";
				GCC_C_LANGUAGE_STANDARD = gnu99;
				GCC_WARN_ABOUT_RETURN_TYPE = YES;
				GCC_WARN_UNUSED_VARIABLE = YES;
				PREBINDING = NO;
				SDKROOT = macosx10.6;
			};
			name = Release;
		};
/* End XCBuildConfiguration section */

/* Begin XCConfigurationList section */
		C01FCF4A08A954540054247B /* Build configuration list for PBXNativeTarget "CellOutline" */ = {
			isa = XCConfigurationList;
			buildConfigurations = (
				C01FCF4B08A954540054247B /* Debug */,
				C01FCF4C08A954540054247B /* Release */,
			);
			defaultConfigurationIsVisible = 0;
			defaultConfigurationName = Release;
		};
		C01FCF4E08A954540054247B /* Build configuration list for PBXProject "CellOutline" */ = {
			isa = XCConfigurationList;
			buildConfigurations = (
				C01FCF4F08A954540054247B /* Debug */,
				C01FCF5008A954540054247B /* Release */,
			);
			defaultConfigurationIsVisible = 0;
			defaultConfigurationName = Release;
		};
/* End XCConfigurationList section */
	};
	rootObject = 29B97313FDCFA39411CA2CEA /* Project object */;
}
